{
    "hash": "3775b0058637515c961f96230c5edcf6",
    "packages": [
        {
            "package": "symfony\/process",
            "version": "v2.0.9"
        },
        {
            "package": "evenement\/evenement",
            "version": "0.2.0-dev"
        },
        {
            "package": "monolog\/monolog",
            "version": "1.0.2"
        },
        {
            "package": "symfony\/http-foundation",
            "version": "2.1.0-dev"
        },
        {
            "package": "symfony\/console",
            "version": "2.1.0-dev"
        }
    ]
}