{
    "hash": "2706f1656c9ecbf4c6c52325584fa2d6",
    "packages": [
        {
            "package": "symfony\/console",
            "version": "v2.0.9"
        },
        {
            "package": "symfony\/process",
            "version": "v2.0.9"
        },
        {
            "package": "evenement\/evenement",
            "version": "0.2.0-dev"
        },
        {
            "package": "symfony\/http-foundation",
            "version": "v2.0.9"
        }
    ]
}